// !$*UTF8*$!
{
	archiveVersion = 1;
	classes = {
	};
	objectVersion = 46;
	objects = {

/* Begin PBXBuildFile section */
		0B4376701947839600125078 /* Foundation.framework in Frameworks */ = {isa = PBXBuildFile; fileRef = 0B43766F1947839600125078 /* Foundation.framework */; };
		0B4376721947839600125078 /* CoreGraphics.framework in Frameworks */ = {isa = PBXBuildFile; fileRef = 0B4376711947839600125078 /* CoreGraphics.framework */; };
		0B4376741947839600125078 /* UIKit.framework in Frameworks */ = {isa = PBXBuildFile; fileRef = 0B4376731947839600125078 /* UIKit.framework */; };
		0B43767A1947839600125078 /* InfoPlist.strings in Resources */ = {isa = PBXBuildFile; fileRef = 0B4376781947839600125078 /* InfoPlist.strings */; };
		0B43767C1947839600125078 /* main.m in Sources */ = {isa = PBXBuildFile; fileRef = 0B43767B1947839600125078 /* main.m */; };
		0B4376801947839600125078 /* AppDelegate.m in Sources */ = {isa = PBXBuildFile; fileRef = 0B43767F1947839600125078 /* AppDelegate.m */; };
		0B4376831947839600125078 /* Main.storyboard in Resources */ = {isa = PBXBuildFile; fileRef = 0B4376811947839600125078 /* Main.storyboard */; };
		0B4376861947839600125078 /* ViewController.m in Sources */ = {isa = PBXBuildFile; fileRef = 0B4376851947839600125078 /* ViewController.m */; };
		0B4376881947839600125078 /* Images.xcassets in Resources */ = {isa = PBXBuildFile; fileRef = 0B4376871947839600125078 /* Images.xcassets */; };
		0B43768F1947839600125078 /* XCTest.framework in Frameworks */ = {isa = PBXBuildFile; fileRef = 0B43768E1947839600125078 /* XCTest.framework */; };
		0B4376901947839600125078 /* Foundation.framework in Frameworks */ = {isa = PBXBuildFile; fileRef = 0B43766F1947839600125078 /* Foundation.framework */; };
		0B4376911947839600125078 /* UIKit.framework in Frameworks */ = {isa = PBXBuildFile; fileRef = 0B4376731947839600125078 /* UIKit.framework */; };
		0B4376991947839600125078 /* InfoPlist.strings in Resources */ = {isa = PBXBuildFile; fileRef = 0B4376971947839600125078 /* InfoPlist.strings */; };
		0B43769B1947839600125078 /* mypoptestTests.m in Sources */ = {isa = PBXBuildFile; fileRef = 0B43769A1947839600125078 /* mypoptestTests.m */; };
/* End PBXBuildFile section */

/* Begin PBXContainerItemProxy section */
		0B4376921947839600125078 /* PBXContainerItemProxy */ = {
			isa = PBXContainerItemProxy;
			containerPortal = 0B4376641947839600125078 /* Project object */;
			proxyType = 1;
			remoteGlobalIDString = 0B43766B1947839600125078;
			remoteInfo = mypoptest;
		};
/* End PBXContainerItemProxy section */

/* Begin PBXFileReference section */
		0B43766C1947839600125078 /* mypoptest.app */ = {isa = PBXFileReference; explicitFileType = wrapper.application; includeInIndex = 0; path = mypoptest.app; sourceTree = BUILT_PRODUCTS_DIR; };
		0B43766F1947839600125078 /* Foundation.framework */ = {isa = PBXFileReference; lastKnownFileType = wrapper.framework; name = Foundation.framework; path = System/Library/Frameworks/Foundation.framework; sourceTree = SDKROOT; };
		0B4376711947839600125078 /* CoreGraphics.framework */ = {isa = PBXFileReference; lastKnownFileType = wrapper.framework; name = CoreGraphics.framework; path = System/Library/Frameworks/CoreGraphics.framework; sourceTree = SDKROOT; };
		0B4376731947839600125078 /* UIKit.framework */ = {isa = PBXFileReference; lastKnownFileType = wrapper.framework; name = UIKit.framework; path = System/Library/Frameworks/UIKit.framework; sourceTree = SDKROOT; };
		0B4376771947839600125078 /* mypoptest-Info.plist */ = {isa = PBXFileReference; lastKnownFileType = text.plist.xml; path = "mypoptest-Info.plist"; sourceTree = "<group>"; };
		0B4376791947839600125078 /* en */ = {isa = PBXFileReference; lastKnownFileType = text.plist.strings; name = en; path = en.lproj/InfoPlist.strings; sourceTree = "<group>"; };
		0B43767B1947839600125078 /* main.m */ = {isa = PBXFileReference; lastKnownFileType = sourcecode.c.objc; path = main.m; sourceTree = "<group>"; };
		0B43767D1947839600125078 /* mypoptest-Prefix.pch */ = {isa = PBXFileReference; lastKnownFileType = sourcecode.c.h; path = "mypoptest-Prefix.pch"; sourceTree = "<group>"; };
		0B43767E1947839600125078 /* AppDelegate.h */ = {isa = PBXFileReference; lastKnownFileType = sourcecode.c.h; path = AppDelegate.h; sourceTree = "<group>"; };
		0B43767F1947839600125078 /* AppDelegate.m */ = {isa = PBXFileReference; lastKnownFileType = sourcecode.c.objc; path = AppDelegate.m; sourceTree = "<group>"; };
		0B4376821947839600125078 /* Base */ = {isa = PBXFileReference; lastKnownFileType = file.storyboard; name = Base; path = Base.lproj/Main.storyboard; sourceTree = "<group>"; };
		0B4376841947839600125078 /* ViewController.h */ = {isa = PBXFileReference; lastKnownFileType = sourcecode.c.h; path = ViewController.h; sourceTree = "<group>"; };
		0B4376851947839600125078 /* ViewController.m */ = {isa = PBXFileReference; lastKnownFileType = sourcecode.c.objc; path = ViewController.m; sourceTree = "<group>"; };
		0B4376871947839600125078 /* Images.xcassets */ = {isa = PBXFileReference; lastKnownFileType = folder.assetcatalog; path = Images.xcassets; sourceTree = "<group>"; };
		0B43768D1947839600125078 /* mypoptestTests.xctest */ = {isa = PBXFileReference; explicitFileType = wrapper.cfbundle; includeInIndex = 0; path = mypoptestTests.xctest; sourceTree = BUILT_PRODUCTS_DIR; };
		0B43768E1947839600125078 /* XCTest.framework */ = {isa = PBXFileReference; lastKnownFileType = wrapper.framework; name = XCTest.framework; path = Library/Frameworks/XCTest.framework; sourceTree = DEVELOPER_DIR; };
		0B4376961947839600125078 /* mypoptestTests-Info.plist */ = {isa = PBXFileReference; lastKnownFileType = text.plist.xml; path = "mypoptestTests-Info.plist"; sourceTree = "<group>"; };
		0B4376981947839600125078 /* en */ = {isa = PBXFileReference; lastKnownFileType = text.plist.strings; name = en; path = en.lproj/InfoPlist.strings; sourceTree = "<group>"; };
		0B43769A1947839600125078 /* mypoptestTests.m */ = {isa = PBXFileReference; lastKnownFileType = sourcecode.c.objc; path = mypoptestTests.m; sourceTree = "<group>"; };
/* End PBXFileReference section */

/* Begin PBXFrameworksBuildPhase section */
		0B4376691947839600125078 /* Frameworks */ = {
			isa = PBXFrameworksBuildPhase;
			buildActionMask = 2147483647;
			files = (
				0B4376721947839600125078 /* CoreGraphics.framework in Frameworks */,
				0B4376741947839600125078 /* UIKit.framework in Frameworks */,
				0B4376701947839600125078 /* Foundation.framework in Frameworks */,
			);
			runOnlyForDeploymentPostprocessing = 0;
		};
		0B43768A1947839600125078 /* Frameworks */ = {
			isa = PBXFrameworksBuildPhase;
			buildActionMask = 2147483647;
			files = (
				0B43768F1947839600125078 /* XCTest.framework in Frameworks */,
				0B4376911947839600125078 /* UIKit.framework in Frameworks */,
				0B4376901947839600125078 /* Foundation.framework in Frameworks */,
			);
			runOnlyForDeploymentPostprocessing = 0;
		};
/* End PBXFrameworksBuildPhase section */

/* Begin PBXGroup section */
		0B4376631947839600125078 = {
			isa = PBXGroup;
			children = (
				0B4376751947839600125078 /* mypoptest */,
				0B4376941947839600125078 /* mypoptestTests */,
				0B43766E1947839600125078 /* Frameworks */,
				0B43766D1947839600125078 /* Products */,
			);
			sourceTree = "<group>";
		};
		0B43766D1947839600125078 /* Products */ = {
			isa = PBXGroup;
			children = (
				0B43766C1947839600125078 /* mypoptest.app */,
				0B43768D1947839600125078 /* mypoptestTests.xctest */,
			);
			name = Products;
			sourceTree = "<group>";
		};
		0B43766E1947839600125078 /* Frameworks */ = {
			isa = PBXGroup;
			children = (
				0B43766F1947839600125078 /* Foundation.framework */,
				0B4376711947839600125078 /* CoreGraphics.framework */,
				0B4376731947839600125078 /* UIKit.framework */,
				0B43768E1947839600125078 /* XCTest.framework */,
			);
			name = Frameworks;
			sourceTree = "<group>";
		};
		0B4376751947839600125078 /* mypoptest */ = {
			isa = PBXGroup;
			children = (
				0B43767E1947839600125078 /* AppDelegate.h */,
				0B43767F1947839600125078 /* AppDelegate.m */,
				0B4376811947839600125078 /* Main.storyboard */,
				0B4376841947839600125078 /* ViewController.h */,
				0B4376851947839600125078 /* ViewController.m */,
				0B4376871947839600125078 /* Images.xcassets */,
				0B4376761947839600125078 /* Supporting Files */,
			);
			path = mypoptest;
			sourceTree = "<group>";
		};
		0B4376761947839600125078 /* Supporting Files */ = {
			isa = PBXGroup;
			children = (
				0B4376771947839600125078 /* mypoptest-Info.plist */,
				0B4376781947839600125078 /* InfoPlist.strings */,
				0B43767B1947839600125078 /* main.m */,
				0B43767D1947839600125078 /* mypoptest-Prefix.pch */,
			);
			name = "Supporting Files";
			sourceTree = "<group>";
		};
		0B4376941947839600125078 /* mypoptestTests */ = {
			isa = PBXGroup;
			children = (
				0B43769A1947839600125078 /* mypoptestTests.m */,
				0B4376951947839600125078 /* Supporting Files */,
			);
			path = mypoptestTests;
			sourceTree = "<group>";
		};
		0B4376951947839600125078 /* Supporting Files */ = {
			isa = PBXGroup;
			children = (
				0B4376961947839600125078 /* mypoptestTests-Info.plist */,
				0B4376971947839600125078 /* InfoPlist.strings */,
			);
			name = "Supporting Files";
			sourceTree = "<group>";
		};
/* End PBXGroup section */

/* Begin PBXNativeTarget section */
		0B43766B1947839600125078 /* mypoptest */ = {
			isa = PBXNativeTarget;
			buildConfigurationList = 0B43769E1947839600125078 /* Build configuration list for PBXNativeTarget "mypoptest" */;
			buildPhases = (
				0B4376681947839600125078 /* Sources */,
				0B4376691947839600125078 /* Frameworks */,
				0B43766A1947839600125078 /* Resources */,
			);
			buildRules = (
			);
			dependencies = (
			);
			name = mypoptest;
			productName = mypoptest;
			productReference = 0B43766C1947839600125078 /* mypoptest.app */;
			productType = "com.apple.product-type.application";
		};
		0B43768C1947839600125078 /* mypoptestTests */ = {
			isa = PBXNativeTarget;
			buildConfigurationList = 0B4376A11947839600125078 /* Build configuration list for PBXNativeTarget "mypoptestTests" */;
			buildPhases = (
				0B4376891947839600125078 /* Sources */,
				0B43768A1947839600125078 /* Frameworks */,
				0B43768B1947839600125078 /* Resources */,
			);
			buildRules = (
			);
			dependencies = (
				0B4376931947839600125078 /* PBXTargetDependency */,
			);
			name = mypoptestTests;
			productName = mypoptestTests;
			productReference = 0B43768D1947839600125078 /* mypoptestTests.xctest */;
			productType = "com.apple.product-type.bundle.unit-test";
		};
/* End PBXNativeTarget section */

/* Begin PBXProject section */
		0B4376641947839600125078 /* Project object */ = {
			isa = PBXProject;
			attributes = {
				LastUpgradeCheck = 0510;
				ORGANIZATIONNAME = "Combatant Gentlemen";
				TargetAttributes = {
					0B43768C1947839600125078 = {
						TestTargetID = 0B43766B1947839600125078;
					};
				};
			};
			buildConfigurationList = 0B4376671947839600125078 /* Build configuration list for PBXProject "mypoptest" */;
			compatibilityVersion = "Xcode 3.2";
			developmentRegion = English;
			hasScannedForEncodings = 0;
			knownRegions = (
				en,
				Base,
			);
			mainGroup = 0B4376631947839600125078;
			productRefGroup = 0B43766D1947839600125078 /* Products */;
			projectDirPath = "";
			projectRoot = "";
			targets = (
				0B43766B1947839600125078 /* mypoptest */,
				0B43768C1947839600125078 /* mypoptestTests */,
			);
		};
/* End PBXProject section */

/* Begin PBXResourcesBuildPhase section */
		0B43766A1947839600125078 /* Resources */ = {
			isa = PBXResourcesBuildPhase;
			buildActionMask = 2147483647;
			files = (
				0B4376881947839600125078 /* Images.xcassets in Resources */,
				0B43767A1947839600125078 /* InfoPlist.strings in Resources */,
				0B4376831947839600125078 /* Main.storyboard in Resources */,
			);
			runOnlyForDeploymentPostprocessing = 0;
		};
		0B43768B1947839600125078 /* Resources */ = {
			isa = PBXResourcesBuildPhase;
			buildActionMask = 2147483647;
			files = (
				0B4376991947839600125078 /* InfoPlist.strings in Resources */,
			);
			runOnlyForDeploymentPostprocessing = 0;
		};
/* End PBXResourcesBuildPhase section */

/* Begin PBXSourcesBuildPhase section */
		0B4376681947839600125078 /* Sources */ = {
			isa = PBXSourcesBuildPhase;
			buildActionMask = 2147483647;
			files = (
				0B4376861947839600125078 /* ViewController.m in Sources */,
				0B4376801947839600125078 /* AppDelegate.m in Sources */,
				0B43767C1947839600125078 /* main.m in Sources */,
			);
			runOnlyForDeploymentPostprocessing = 0;
		};
		0B4376891947839600125078 /* Sources */ = {
			isa = PBXSourcesBuildPhase;
			buildActionMask = 2147483647;
			files = (
				0B43769B1947839600125078 /* mypoptestTests.m in Sources */,
			);
			runOnlyForDeploymentPostprocessing = 0;
		};
/* End PBXSourcesBuildPhase section */

/* Begin PBXTargetDependency section */
		0B4376931947839600125078 /* PBXTargetDependency */ = {
			isa = PBXTargetDependency;
			target = 0B43766B1947839600125078 /* mypoptest */;
			targetProxy = 0B4376921947839600125078 /* PBXContainerItemProxy */;
		};
/* End PBXTargetDependency section */

/* Begin PBXVariantGroup section */
		0B4376781947839600125078 /* InfoPlist.strings */ = {
			isa = PBXVariantGroup;
			children = (
				0B4376791947839600125078 /* en */,
			);
			name = InfoPlist.strings;
			sourceTree = "<group>";
		};
		0B4376811947839600125078 /* Main.storyboard */ = {
			isa = PBXVariantGroup;
			children = (
				0B4376821947839600125078 /* Base */,
			);
			name = Main.storyboard;
			sourceTree = "<group>";
		};
		0B4376971947839600125078 /* InfoPlist.strings */ = {
			isa = PBXVariantGroup;
			children = (
				0B4376981947839600125078 /* en */,
			);
			name = InfoPlist.strings;
			sourceTree = "<group>";
		};
/* End PBXVariantGroup section */

/* Begin XCBuildConfiguration section */
		0B43769C1947839600125078 /* Debug */ = {
			isa = XCBuildConfiguration;
			buildSettings = {
				ALWAYS_SEARCH_USER_PATHS = NO;
				CLANG_CXX_LANGUAGE_STANDARD = "gnu++0x";
				CLANG_CXX_LIBRARY = "libc++";
				CLANG_ENABLE_MODULES = YES;
				CLANG_ENABLE_OBJC_ARC = YES;
				CLANG_WARN_BOOL_CONVERSION = YES;
				CLANG_WARN_CONSTANT_CONVERSION = YES;
				CLANG_WARN_DIRECT_OBJC_ISA_USAGE = YES_ERROR;
				CLANG_WARN_EMPTY_BODY = YES;
				CLANG_WARN_ENUM_CONVERSION = YES;
				CLANG_WARN_INT_CONVERSION = YES;
				CLANG_WARN_OBJC_ROOT_CLASS = YES_ERROR;
				CLANG_WARN__DUPLICATE_METHOD_MATCH = YES;
				"CODE_SIGN_IDENTITY[sdk=iphoneos*]" = "iPhone Developer";
				COPY_PHASE_STRIP = NO;
				GCC_C_LANGUAGE_STANDARD = gnu99;
				GCC_DYNAMIC_NO_PIC = NO;
				GCC_OPTIMIZATION_LEVEL = 0;
				GCC_PREPROCESSOR_DEFINITIONS = (
					"DEBUG=1",
					"$(inherited)",
				);
				GCC_SYMBOLS_PRIVATE_EXTERN = NO;
				GCC_WARN_64_TO_32_BIT_CONVERSION = YES;
				GCC_WARN_ABOUT_RETURN_TYPE = YES_ERROR;
				GCC_WARN_UNDECLARED_SELECTOR = YES;
				GCC_WARN_UNINITIALIZED_AUTOS = YES_AGGRESSIVE;
				GCC_WARN_UNUSED_FUNCTION = YES;
				GCC_WARN_UNUSED_VARIABLE = YES;
				IPHONEOS_DEPLOYMENT_TARGET = 7.1;
				ONLY_ACTIVE_ARCH = YES;
				SDKROOT = iphoneos;
			};
			name = Debug;
		};
		0B43769D1947839600125078 /* Release */ = {
			isa = XCBuildConfiguration;
			buildSettings = {
				ALWAYS_SEARCH_USER_PATHS = NO;
				CLANG_CXX_LANGUAGE_STANDARD = "gnu++0x";
				CLANG_CXX_LIBRARY = "libc++";
				CLANG_ENABLE_MODULES = YES;
				CLANG_ENABLE_OBJC_ARC = YES;
				CLANG_WARN_BOOL_CONVERSION = YES;
				CLANG_WARN_CONSTANT_CONVERSION = YES;
				CLANG_WARN_DIRECT_OBJC_ISA_USAGE = YES_ERROR;
				CLANG_WARN_EMPTY_BODY = YES;
				CLANG_WARN_ENUM_CONVERSION = YES;
				CLANG_WARN_INT_CONVERSION = YES;
				CLANG_WARN_OBJC_ROOT_CLASS = YES_ERROR;
				CLANG_WARN__DUPLICATE_METHOD_MATCH = YES;
				"CODE_SIGN_IDENTITY[sdk=iphoneos*]" = "iPhone Developer";
				COPY_PHASE_STRIP = YES;
				ENABLE_NS_ASSERTIONS = NO;
				GCC_C_LANGUAGE_STANDARD = gnu99;
				GCC_WARN_64_TO_32_BIT_CONVERSION = YES;
				GCC_WARN_ABOUT_RETURN_TYPE = YES_ERROR;
				GCC_WARN_UNDECLARED_SELECTOR = YES;
				GCC_WARN_UNINITIALIZED_AUTOS = YES_AGGRESSIVE;
				GCC_WARN_UNUSED_FUNCTION = YES;
				GCC_WARN_UNUSED_VARIABLE = YES;
				IPHONEOS_DEPLOYMENT_TARGET = 7.1;
				SDKROOT = iphoneos;
				VALIDATE_PRODUCT = YES;
			};
			name = Release;
		};
		0B43769F1947839600125078 /* Debug */ = {
			isa = XCBuildConfiguration;
			buildSettings = {
				ASSETCATALOG_COMPILER_APPICON_NAME = AppIcon;
				ASSETCATALOG_COMPILER_LAUNCHIMAGE_NAME = LaunchImage;
				GCC_PRECOMPILE_PREFIX_HEADER = YES;
				GCC_PREFIX_HEADER = "mypoptest/mypoptest-Prefix.pch";
				INFOPLIST_FILE = "mypoptest/mypoptest-Info.plist";
				PRODUCT_NAME = "$(TARGET_NAME)";
				WRAPPER_EXTENSION = app;
			};
			name = Debug;
		};
		0B4376A01947839600125078 /* Release */ = {
			isa = XCBuildConfiguration;
			buildSettings = {
				ASSETCATALOG_COMPILER_APPICON_NAME = AppIcon;
				ASSETCATALOG_COMPILER_LAUNCHIMAGE_NAME = LaunchImage;
				GCC_PRECOMPILE_PREFIX_HEADER = YES;
				GCC_PREFIX_HEADER = "mypoptest/mypoptest-Prefix.pch";
				INFOPLIST_FILE = "mypoptest/mypoptest-Info.plist";
				PRODUCT_NAME = "$(TARGET_NAME)";
				WRAPPER_EXTENSION = app;
			};
			name = Release;
		};
		0B4376A21947839600125078 /* Debug */ = {
			isa = XCBuildConfiguration;
			buildSettings = {
				BUNDLE_LOADER = "$(BUILT_PRODUCTS_DIR)/mypoptest.app/mypoptest";
				FRAMEWORK_SEARCH_PATHS = (
					"$(SDKROOT)/Developer/Library/Frameworks",
					"$(inherited)",
					"$(DEVELOPER_FRAMEWORKS_DIR)",
				);
				GCC_PRECOMPILE_PREFIX_HEADER = YES;
				GCC_PREFIX_HEADER = "mypoptest/mypoptest-Prefix.pch";
				GCC_PREPROCESSOR_DEFINITIONS = (
					"DEBUG=1",
					"$(inherited)",
				);
				INFOPLIST_FILE = "mypoptestTests/mypoptestTests-Info.plist";
				PRODUCT_NAME = "$(TARGET_NAME)";
				TEST_HOST = "$(BUNDLE_LOADER)";
				WRAPPER_EXTENSION = xctest;
			};
			name = Debug;
		};
		0B4376A31947839600125078 /* Release */ = {
			isa = XCBuildConfiguration;
			buildSettings = {
				BUNDLE_LOADER = "$(BUILT_PRODUCTS_DIR)/mypoptest.app/mypoptest";
				FRAMEWORK_SEARCH_PATHS = (
					"$(SDKROOT)/Developer/Library/Frameworks",
					"$(inherited)",
					"$(DEVELOPER_FRAMEWORKS_DIR)",
				);
				GCC_PRECOMPILE_PREFIX_HEADER = YES;
				GCC_PREFIX_HEADER = "mypoptest/mypoptest-Prefix.pch";
				INFOPLIST_FILE = "mypoptestTests/mypoptestTests-Info.plist";
				PRODUCT_NAME = "$(TARGET_NAME)";
				TEST_HOST = "$(BUNDLE_LOADER)";
				WRAPPER_EXTENSION = xctest;
			};
			name = Release;
		};
/* End XCBuildConfiguration section */

/* Begin XCConfigurationList section */
		0B4376671947839600125078 /* Build configuration list for PBXProject "mypoptest" */ = {
			isa = XCConfigurationList;
			buildConfigurations = (
				0B43769C1947839600125078 /* Debug */,
				0B43769D1947839600125078 /* Release */,
			);
			defaultConfigurationIsVisible = 0;
			defaultConfigurationName = Release;
		};
		0B43769E1947839600125078 /* Build configuration list for PBXNativeTarget "mypoptest" */ = {
			isa = XCConfigurationList;
			buildConfigurations = (
				0B43769F1947839600125078 /* Debug */,
				0B4376A01947839600125078 /* Release */,
			);
			defaultConfigurationIsVisible = 0;
		};
		0B4376A11947839600125078 /* Build configuration list for PBXNativeTarget "mypoptestTests" */ = {
			isa = XCConfigurationList;
			buildConfigurations = (
				0B4376A21947839600125078 /* Debug */,
				0B4376A31947839600125078 /* Release */,
			);
			defaultConfigurationIsVisible = 0;
		};
/* End XCConfigurationList section */
	};
	rootObject = 0B4376641947839600125078 /* Project object */;
}
